1260560821660454801
1260566542962306972
1260555386117642118
1260567772856916895
1260557421824706442
1260561837445467029
1260561578679736212
1260563165043709847
1260555979152846728
1260557596305087371
1260552998242689923
1260564923514277785
1260358642407166580
1253379413842844826
1260456717224575697
1260554976838291333
1260555565892132743
1260552351203047297
1260567534232876958
1260567095040225181
1260533484510192474
1260558230057368460
1260561267611167634
1260565522568789914
1259135920492014657
1260563200642886552
1260561528411366291
1260552826605206402
1260559195981447054
1260556898536972169