1252820537591746771
1252828687202385119
1221059661214832177
1252829285550210273
1252819309771855052
1252817810603629768
1252833037908639974
1252818044399034570
1252822441522118869
1252826086045292760
1252817748720378055
1252828048583556315
1252819969555514574
1252820463538537681
1252828391430976733
1252822119205158100
1252822497005069526
1252830350353941730
1252834244437379305
1252824969141407959
1252831112055010531
1121368715095187284
1252820362698249424
1252816941132813508
1252818327625217227
1252832938140109029
1252817526536115398
1252828286823764188
1252828991115863264
1252833568272347368