1191467756460377605
1249465252743473530
1251094036133551040
1251094813652410306
1251087495104489395
1251087347014430642
1251086863785139116
1251086798527579051
1251090214246179770
1251086223116789672
1251087852092420020
1251088885719261110
1250801401595652582
1251089712732967863
1191402555650480610
1251095677568264134
1251094009812718527
1251087251786532785
1251087100721080239
1251089799022445497
1251095456756337605
1231791793774842684
1251089782597230520
1251086654610834346
1251086995029535662
1251086412159705001
1250973912431565592
1251092989830692797
1236160197949403020
1251086919023758253